PODS:
  - audioplayers_darwin (0.0.1):
    - Flutter
  - connectivity_plus (0.0.1):
    - Flutter
  - device_info_plus (0.0.1):
    - Flutter
  - DKImagePickerController/Core (4.3.9):
    - DKImagePickerController/ImageDataManager
    - DKImagePickerController/Resource
  - DKImagePickerController/ImageDataManager (4.3.9)
  - DKImagePickerController/PhotoGallery (4.3.9):
    - DKImagePickerController/Core
    - DKPhotoGallery
  - DKImagePickerController/Resource (4.3.9)
  - DKPhotoGallery (0.0.19):
    - DKPhotoGallery/Core (= 0.0.19)
    - DKPhotoGallery/Model (= 0.0.19)
    - DKPhotoGallery/Preview (= 0.0.19)
    - DKPhotoGallery/Resource (= 0.0.19)
    - SDWebImage
    - SwiftyGif
  - DKPhotoGallery/Core (0.0.19):
    - DKPhotoGallery/Model
    - DKPhotoGallery/Preview
    - SDWebImage
    - SwiftyGif
  - DKPhotoGallery/Model (0.0.19):
    - SDWebImage
    - SwiftyGif
  - DKPhotoGallery/Preview (0.0.19):
    - DKPhotoGallery/Model
    - DKPhotoGallery/Resource
    - SDWebImage
    - SwiftyGif
  - DKPhotoGallery/Resource (0.0.19):
    - SDWebImage
    - SwiftyGif
  - file_picker (0.0.1):
    - DKImagePickerController/PhotoGallery
    - Flutter
  - Flutter (1.0.0)
  - flutter_sound (9.25.4):
    - Flutter
    - flutter_sound_core (= 9.25.4)
  - flutter_sound_core (9.25.4)
  - fluttertoast (0.0.2):
    - Flutter
  - GCDWebServer (3.5.4):
    - GCDWebServer/Core (= 3.5.4)
  - GCDWebServer/Core (3.5.4)
  - image_gallery_saver_plus (0.0.1):
    - Flutter
  - image_picker_ios (0.0.1):
    - Flutter
  - nim_core_v2 (10.3.0):
    - Flutter
    - NIMSDK_LITE/FCS (~> 10.8.20)
    - YXAlog
  - NIMSDK_LITE/FCS (10.8.20):
    - YXArtemis_XCFramework
  - open_filex (0.0.2):
    - Flutter
  - path_provider_foundation (0.0.1):
    - Flutter
    - FlutterMacOS
  - permission_handler_apple (9.3.0):
    - Flutter
  - SDWebImage (5.21.0):
    - SDWebImage/Core (= 5.21.0)
  - SDWebImage/Core (5.21.0)
  - shared_preferences_foundation (0.0.1):
    - Flutter
    - FlutterMacOS
  - sqflite (0.0.3):
    - Flutter
    - FlutterMacOS
  - SwiftyGif (5.4.5)
  - video_player_avfoundation (0.0.1):
    - Flutter
    - FlutterMacOS
  - webview_flutter_wkwebview (0.0.1):
    - Flutter
  - yunxin_alog (0.0.1):
    - Flutter
    - YXAlog (~> 1.0.8)
  - YXAlog (1.0.9)
  - YXArtemis_XCFramework (1.1.4)

DEPENDENCIES:
  - audioplayers_darwin (from `.symlinks/plugins/audioplayers_darwin/ios`)
  - connectivity_plus (from `.symlinks/plugins/connectivity_plus/ios`)
  - device_info_plus (from `.symlinks/plugins/device_info_plus/ios`)
  - file_picker (from `.symlinks/plugins/file_picker/ios`)
  - Flutter (from `Flutter`)
  - flutter_sound (from `.symlinks/plugins/flutter_sound/ios`)
  - fluttertoast (from `.symlinks/plugins/fluttertoast/ios`)
  - GCDWebServer (= 3.5.4)
  - image_gallery_saver_plus (from `.symlinks/plugins/image_gallery_saver_plus/ios`)
  - image_picker_ios (from `.symlinks/plugins/image_picker_ios/ios`)
  - nim_core_v2 (from `.symlinks/plugins/nim_core_v2/ios`)
  - open_filex (from `.symlinks/plugins/open_filex/ios`)
  - path_provider_foundation (from `.symlinks/plugins/path_provider_foundation/darwin`)
  - permission_handler_apple (from `.symlinks/plugins/permission_handler_apple/ios`)
  - shared_preferences_foundation (from `.symlinks/plugins/shared_preferences_foundation/darwin`)
  - sqflite (from `.symlinks/plugins/sqflite/darwin`)
  - video_player_avfoundation (from `.symlinks/plugins/video_player_avfoundation/darwin`)
  - webview_flutter_wkwebview (from `.symlinks/plugins/webview_flutter_wkwebview/ios`)
  - yunxin_alog (from `.symlinks/plugins/yunxin_alog/ios`)

SPEC REPOS:
  https://github.com/CocoaPods/Specs.git:
    - DKImagePickerController
    - DKPhotoGallery
    - flutter_sound_core
    - GCDWebServer
    - NIMSDK_LITE
    - SDWebImage
    - SwiftyGif
    - YXAlog
    - YXArtemis_XCFramework

EXTERNAL SOURCES:
  audioplayers_darwin:
    :path: ".symlinks/plugins/audioplayers_darwin/ios"
  connectivity_plus:
    :path: ".symlinks/plugins/connectivity_plus/ios"
  device_info_plus:
    :path: ".symlinks/plugins/device_info_plus/ios"
  file_picker:
    :path: ".symlinks/plugins/file_picker/ios"
  Flutter:
    :path: Flutter
  flutter_sound:
    :path: ".symlinks/plugins/flutter_sound/ios"
  fluttertoast:
    :path: ".symlinks/plugins/fluttertoast/ios"
  image_gallery_saver_plus:
    :path: ".symlinks/plugins/image_gallery_saver_plus/ios"
  image_picker_ios:
    :path: ".symlinks/plugins/image_picker_ios/ios"
  nim_core_v2:
    :path: ".symlinks/plugins/nim_core_v2/ios"
  open_filex:
    :path: ".symlinks/plugins/open_filex/ios"
  path_provider_foundation:
    :path: ".symlinks/plugins/path_provider_foundation/darwin"
  permission_handler_apple:
    :path: ".symlinks/plugins/permission_handler_apple/ios"
  shared_preferences_foundation:
    :path: ".symlinks/plugins/shared_preferences_foundation/darwin"
  sqflite:
    :path: ".symlinks/plugins/sqflite/darwin"
  video_player_avfoundation:
    :path: ".symlinks/plugins/video_player_avfoundation/darwin"
  webview_flutter_wkwebview:
    :path: ".symlinks/plugins/webview_flutter_wkwebview/ios"
  yunxin_alog:
    :path: ".symlinks/plugins/yunxin_alog/ios"

SPEC CHECKSUMS:
  audioplayers_darwin: 877d9a4d06331c5c374595e46e16453ac7eafa40
  connectivity_plus: 2a701ffec2c0ae28a48cf7540e279787e77c447d
  device_info_plus: 97af1d7e84681a90d0693e63169a5d50e0839a0d
  DKImagePickerController: 946cec48c7873164274ecc4624d19e3da4c1ef3c
  DKPhotoGallery: b3834fecb755ee09a593d7c9e389d8b5d6deed60
  file_picker: b159e0c068aef54932bb15dc9fd1571818edaf49
  Flutter: e0871f40cf51350855a761d2e70bf5af5b9b5de7
  flutter_sound: 47dd7c20f8acf17507ba504c76992198be7879a5
  flutter_sound_core: eed9770a54160cf4d4e1d3259c4c34738654df55
  fluttertoast: 21eecd6935e7064cc1fcb733a4c5a428f3f24f0f
  GCDWebServer: 2c156a56c8226e2d5c0c3f208a3621ccffbe3ce4
  image_gallery_saver_plus: 782ade975fe6a4600b53e7c1983e3a2979d1e9e5
  image_picker_ios: c560581cceedb403a6ff17f2f816d7fea1421fc1
  nim_core_v2: f73264e76829d5619c55c436fde47e027260067a
  NIMSDK_LITE: 22740bf6e2660cb7bafc40f8293fa04d3a77948e
  open_filex: 6e26e659846ec990262224a12ef1c528bb4edbe4
  path_provider_foundation: 2b6b4c569c0fb62ec74538f866245ac84301af46
  permission_handler_apple: 9878588469a2b0d0fc1e048d9f43605f92e6cec2
  SDWebImage: f84b0feeb08d2d11e6a9b843cb06d75ebf5b8868
  shared_preferences_foundation: fcdcbc04712aee1108ac7fda236f363274528f78
  sqflite: 673a0e54cc04b7d6dba8d24fb8095b31c3a99eec
  SwiftyGif: 706c60cf65fa2bc5ee0313beece843c8eb8194d4
  video_player_avfoundation: 7c6c11d8470e1675df7397027218274b6d2360b3
  webview_flutter_wkwebview: 2a23822e9039b7b1bc52e5add778e5d89ad488d1
  yunxin_alog: b5dcdcf4ca3315de7be7e3b52f91e608dae5680f
  YXAlog: 6fdd73102ba0a16933dd7bef426d6011d913c041
  YXArtemis_XCFramework: d298161285aa9cf0c99800b17847dc99aef60617

PODFILE CHECKSUM: 5d5edbf6db9a087755b6a1a02223d0ea316c549e

COCOAPODS: 1.15.2
